
Microsoft Visual Studio Solution File, Format Version 12.00
# Visual Studio Version 17
VisualStudioVersion = 17.4.33122.133
MinimumVisualStudioVersion = 10.0.40219.1
Project("{FAE04EC0-301F-11D3-BF4B-00C04F79EFBC}") = "Vista", "Pad de sonido\Vista.csproj", "{5DF371D8-324E-4820-8016-BE503A97FD0C}"
EndProject
Project("{FAE04EC0-301F-11D3-BF4B-00C04F79EFBC}") = "Logica", "Logica\Logica.csproj", "{421AA76D-1E01-408A-AC31-F2D61C024F9A}"
EndProject
Global
	GlobalSection(SolutionConfigurationPlatforms) = preSolution
		Debug|Any CPU = Debug|Any CPU
		Release|Any CPU = Release|Any CPU
	EndGlobalSection
	GlobalSection(ProjectConfigurationPlatforms) = postSolution
		{5DF371D8-324E-4820-8016-BE503A97FD0C}.Debug|Any CPU.ActiveCfg = Debug|Any CPU
		{5DF371D8-324E-4820-8016-BE503A97FD0C}.Debug|Any CPU.Build.0 = Debug|Any CPU
		{5DF371D8-324E-4820-8016-BE503A97FD0C}.Release|Any CPU.ActiveCfg = Release|Any CPU
		{5DF371D8-324E-4820-8016-BE503A97FD0C}.Release|Any CPU.Build.0 = Release|Any CPU
		{421AA76D-1E01-408A-AC31-F2D61C024F9A}.Debug|Any CPU.ActiveCfg = Debug|Any CPU
		{421AA76D-1E01-408A-AC31-F2D61C024F9A}.Debug|Any CPU.Build.0 = Debug|Any CPU
		{421AA76D-1E01-408A-AC31-F2D61C024F9A}.Release|Any CPU.ActiveCfg = Release|Any CPU
		{421AA76D-1E01-408A-AC31-F2D61C024F9A}.Release|Any CPU.Build.0 = Release|Any CPU
	EndGlobalSection
	GlobalSection(SolutionProperties) = preSolution
		HideSolutionNode = FALSE
	EndGlobalSection
	GlobalSection(ExtensibilityGlobals) = postSolution
		SolutionGuid = {58A0C825-2C3D-4057-B55C-6ED59F87FD71}
	EndGlobalSection
EndGlobal
